
Microsoft Visual Studio Solution File, Format Version 12.00
# Visual Studio Version 17
VisualStudioVersion = 17.9.34728.123
MinimumVisualStudioVersion = 10.0.40219.1
Project("{FAE04EC0-301F-11D3-BF4B-00C04F79EFBC}") = "mqtttester", "mqtttester\mqtttester.csproj", "{97FA29F0-CD00-4D80-AB07-DB5683D8C5B5}"
EndProject
Global
	GlobalSection(SolutionConfigurationPlatforms) = preSolution
		Debug|Any CPU = Debug|Any CPU
		Release|Any CPU = Release|Any CPU
	EndGlobalSection
	GlobalSection(ProjectConfigurationPlatforms) = postSolution
		{97FA29F0-CD00-4D80-AB07-DB5683D8C5B5}.Debug|Any CPU.ActiveCfg = Debug|Any CPU
		{97FA29F0-CD00-4D80-AB07-DB5683D8C5B5}.Debug|Any CPU.Build.0 = Debug|Any CPU
		{97FA29F0-CD00-4D80-AB07-DB5683D8C5B5}.Release|Any CPU.ActiveCfg = Release|Any CPU
		{97FA29F0-CD00-4D80-AB07-DB5683D8C5B5}.Release|Any CPU.Build.0 = Release|Any CPU
	EndGlobalSection
	GlobalSection(SolutionProperties) = preSolution
		HideSolutionNode = FALSE
	EndGlobalSection
	GlobalSection(ExtensibilityGlobals) = postSolution
		SolutionGuid = {BFC88E42-B537-4292-9C15-A4C7E41EFC82}
	EndGlobalSection
EndGlobal
